
Microsoft Visual Studio Solution File, Format Version 12.00
# Visual Studio Version 17
VisualStudioVersion = 17.3.32922.545
MinimumVisualStudioVersion = 10.0.40219.1
Project("{FAE04EC0-301F-11D3-BF4B-00C04F79EFBC}") = "ModelMeThis-Football", "ModelMeThis-Football\ModelMeThis-Football.csproj", "{C952E230-B09B-453C-ACAD-35D0D4712F88}"
EndProject
Global
	GlobalSection(SolutionConfigurationPlatforms) = preSolution
		Debug|Any CPU = Debug|Any CPU
		Release|Any CPU = Release|Any CPU
	EndGlobalSection
	GlobalSection(ProjectConfigurationPlatforms) = postSolution
		{C952E230-B09B-453C-ACAD-35D0D4712F88}.Debug|Any CPU.ActiveCfg = Debug|Any CPU
		{C952E230-B09B-453C-ACAD-35D0D4712F88}.Debug|Any CPU.Build.0 = Debug|Any CPU
		{C952E230-B09B-453C-ACAD-35D0D4712F88}.Release|Any CPU.ActiveCfg = Release|Any CPU
		{C952E230-B09B-453C-ACAD-35D0D4712F88}.Release|Any CPU.Build.0 = Release|Any CPU
	EndGlobalSection
	GlobalSection(SolutionProperties) = preSolution
		HideSolutionNode = FALSE
	EndGlobalSection
	GlobalSection(ExtensibilityGlobals) = postSolution
		SolutionGuid = {514C90B8-B044-46B9-A79E-8A80AEB69F6E}
	EndGlobalSection
EndGlobal
